
Microsoft Visual Studio Solution File, Format Version 12.00
# Visual Studio Version 17
VisualStudioVersion = 17.3.32929.385
MinimumVisualStudioVersion = 10.0.40219.1
Project("{FAE04EC0-301F-11D3-BF4B-00C04F79EFBC}") = "iscaBar.UWP", "iscaBar.UWP\iscaBar.UWP.csproj", "{8440BFA5-BC62-4DD7-8583-7DB1AF6FC85B}"
EndProject
Project("{FAE04EC0-301F-11D3-BF4B-00C04F79EFBC}") = "iscaBar.Android", "iscaBar.Android\iscaBar.Android.csproj", "{E6844E25-B924-44FF-B283-F820564FE5CE}"
EndProject
Project("{FAE04EC0-301F-11D3-BF4B-00C04F79EFBC}") = "iscaBar.iOS", "iscaBar.iOS\iscaBar.iOS.csproj", "{3E3C491F-D194-44B0-ABB8-BF9AF672EDAC}"
EndProject
Project("{FAE04EC0-301F-11D3-BF4B-00C04F79EFBC}") = "iscaBar", "iscaBar\iscaBar.csproj", "{B275F027-F749-4665-AC1B-40F1F5278564}"
EndProject
Global
	GlobalSection(SolutionConfigurationPlatforms) = preSolution
		Debug|Any CPU = Debug|Any CPU
		Debug|ARM = Debug|ARM
		Debug|iPhone = Debug|iPhone
		Debug|iPhoneSimulator = Debug|iPhoneSimulator
		Debug|x64 = Debug|x64
		Debug|x86 = Debug|x86
		Release|Any CPU = Release|Any CPU
		Release|ARM = Release|ARM
		Release|iPhone = Release|iPhone
		Release|iPhoneSimulator = Release|iPhoneSimulator
		Release|x64 = Release|x64
		Release|x86 = Release|x86
	EndGlobalSection
	GlobalSection(ProjectConfigurationPlatforms) = postSolution
		{8440BFA5-BC62-4DD7-8583-7DB1AF6FC85B}.Debug|Any CPU.ActiveCfg = Debug|x64
		{8440BFA5-BC62-4DD7-8583-7DB1AF6FC85B}.Debug|Any CPU.Build.0 = Debug|x64
		{8440BFA5-BC62-4DD7-8583-7DB1AF6FC85B}.Debug|Any CPU.Deploy.0 = Debug|x64
		{8440BFA5-BC62-4DD7-8583-7DB1AF6FC85B}.Debug|ARM.ActiveCfg = Debug|ARM
		{8440BFA5-BC62-4DD7-8583-7DB1AF6FC85B}.Debug|ARM.Build.0 = Debug|ARM
		{8440BFA5-BC62-4DD7-8583-7DB1AF6FC85B}.Debug|ARM.Deploy.0 = Debug|ARM
		{8440BFA5-BC62-4DD7-8583-7DB1AF6FC85B}.Debug|iPhone.ActiveCfg = Debug|x64
		{8440BFA5-BC62-4DD7-8583-7DB1AF6FC85B}.Debug|iPhone.Build.0 = Debug|x64
		{8440BFA5-BC62-4DD7-8583-7DB1AF6FC85B}.Debug|iPhone.Deploy.0 = Debug|x64
		{8440BFA5-BC62-4DD7-8583-7DB1AF6FC85B}.Debug|iPhoneSimulator.ActiveCfg = Debug|x64
		{8440BFA5-BC62-4DD7-8583-7DB1AF6FC85B}.Debug|iPhoneSimulator.Build.0 = Debug|x64
		{8440BFA5-BC62-4DD7-8583-7DB1AF6FC85B}.Debug|iPhoneSimulator.Deploy.0 = Debug|x64
		{8440BFA5-BC62-4DD7-8583-7DB1AF6FC85B}.Debug|x64.ActiveCfg = Debug|x64
		{8440BFA5-BC62-4DD7-8583-7DB1AF6FC85B}.Debug|x64.Build.0 = Debug|x64
		{8440BFA5-BC62-4DD7-8583-7DB1AF6FC85B}.Debug|x64.Deploy.0 = Debug|x64
		{8440BFA5-BC62-4DD7-8583-7DB1AF6FC85B}.Debug|x86.ActiveCfg = Debug|x86
		{8440BFA5-BC62-4DD7-8583-7DB1AF6FC85B}.Debug|x86.Build.0 = Debug|x86
		{8440BFA5-BC62-4DD7-8583-7DB1AF6FC85B}.Debug|x86.Deploy.0 = Debug|x86
		{8440BFA5-BC62-4DD7-8583-7DB1AF6FC85B}.Release|Any CPU.ActiveCfg = Release|x64
		{8440BFA5-BC62-4DD7-8583-7DB1AF6FC85B}.Release|Any CPU.Build.0 = Release|x64
		{8440BFA5-BC62-4DD7-8583-7DB1AF6FC85B}.Release|Any CPU.Deploy.0 = Release|x64
		{8440BFA5-BC62-4DD7-8583-7DB1AF6FC85B}.Release|ARM.ActiveCfg = Release|ARM
		{8440BFA5-BC62-4DD7-8583-7DB1AF6FC85B}.Release|ARM.Build.0 = Release|ARM
		{8440BFA5-BC62-4DD7-8583-7DB1AF6FC85B}.Release|ARM.Deploy.0 = Release|ARM
		{8440BFA5-BC62-4DD7-8583-7DB1AF6FC85B}.Release|iPhone.ActiveCfg = Release|x64
		{8440BFA5-BC62-4DD7-8583-7DB1AF6FC85B}.Release|iPhone.Build.0 = Release|x64
		{8440BFA5-BC62-4DD7-8583-7DB1AF6FC85B}.Release|iPhone.Deploy.0 = Release|x64
		{8440BFA5-BC62-4DD7-8583-7DB1AF6FC85B}.Release|iPhoneSimulator.ActiveCfg = Release|x64
		{8440BFA5-BC62-4DD7-8583-7DB1AF6FC85B}.Release|iPhoneSimulator.Build.0 = Release|x64
		{8440BFA5-BC62-4DD7-8583-7DB1AF6FC85B}.Release|iPhoneSimulator.Deploy.0 = Release|x64
		{8440BFA5-BC62-4DD7-8583-7DB1AF6FC85B}.Release|x64.ActiveCfg = Release|x64
		{8440BFA5-BC62-4DD7-8583-7DB1AF6FC85B}.Release|x64.Build.0 = Release|x64
		{8440BFA5-BC62-4DD7-8583-7DB1AF6FC85B}.Release|x64.Deploy.0 = Release|x64
		{8440BFA5-BC62-4DD7-8583-7DB1AF6FC85B}.Release|x86.ActiveCfg = Release|x86
		{8440BFA5-BC62-4DD7-8583-7DB1AF6FC85B}.Release|x86.Build.0 = Release|x86
		{8440BFA5-BC62-4DD7-8583-7DB1AF6FC85B}.Release|x86.Deploy.0 = Release|x86
		{E6844E25-B924-44FF-B283-F820564FE5CE}.Debug|Any CPU.ActiveCfg = Debug|Any CPU
		{E6844E25-B924-44FF-B283-F820564FE5CE}.Debug|Any CPU.Build.0 = Debug|Any CPU
		{E6844E25-B924-44FF-B283-F820564FE5CE}.Debug|Any CPU.Deploy.0 = Debug|Any CPU
		{E6844E25-B924-44FF-B283-F820564FE5CE}.Debug|ARM.ActiveCfg = Debug|Any CPU
		{E6844E25-B924-44FF-B283-F820564FE5CE}.Debug|ARM.Build.0 = Debug|Any CPU
		{E6844E25-B924-44FF-B283-F820564FE5CE}.Debug|ARM.Deploy.0 = Debug|Any CPU
		{E6844E25-B924-44FF-B283-F820564FE5CE}.Debug|iPhone.ActiveCfg = Debug|Any CPU
		{E6844E25-B924-44FF-B283-F820564FE5CE}.Debug|iPhone.Build.0 = Debug|Any CPU
		{E6844E25-B924-44FF-B283-F820564FE5CE}.Debug|iPhone.Deploy.0 = Debug|Any CPU
		{E6844E25-B924-44FF-B283-F820564FE5CE}.Debug|iPhoneSimulator.ActiveCfg = Debug|Any CPU
		{E6844E25-B924-44FF-B283-F820564FE5CE}.Debug|iPhoneSimulator.Build.0 = Debug|Any CPU
		{E6844E25-B924-44FF-B283-F820564FE5CE}.Debug|iPhoneSimulator.Deploy.0 = Debug|Any CPU
		{E6844E25-B924-44FF-B283-F820564FE5CE}.Debug|x64.ActiveCfg = Debug|Any CPU
		{E6844E25-B924-44FF-B283-F820564FE5CE}.Debug|x64.Build.0 = Debug|Any CPU
		{E6844E25-B924-44FF-B283-F820564FE5CE}.Debug|x64.Deploy.0 = Debug|Any CPU
		{E6844E25-B924-44FF-B283-F820564FE5CE}.Debug|x86.ActiveCfg = Debug|Any CPU
		{E6844E25-B924-44FF-B283-F820564FE5CE}.Debug|x86.Build.0 = Debug|Any CPU
		{E6844E25-B924-44FF-B283-F820564FE5CE}.Debug|x86.Deploy.0 = Debug|Any CPU
		{E6844E25-B924-44FF-B283-F820564FE5CE}.Release|Any CPU.ActiveCfg = Release|Any CPU
		{E6844E25-B924-44FF-B283-F820564FE5CE}.Release|Any CPU.Build.0 = Release|Any CPU
		{E6844E25-B924-44FF-B283-F820564FE5CE}.Release|Any CPU.Deploy.0 = Release|Any CPU
		{E6844E25-B924-44FF-B283-F820564FE5CE}.Release|ARM.ActiveCfg = Release|Any CPU
		{E6844E25-B924-44FF-B283-F820564FE5CE}.Release|ARM.Build.0 = Release|Any CPU
		{E6844E25-B924-44FF-B283-F820564FE5CE}.Release|ARM.Deploy.0 = Release|Any CPU
		{E6844E25-B924-44FF-B283-F820564FE5CE}.Release|iPhone.ActiveCfg = Release|Any CPU
		{E6844E25-B924-44FF-B283-F820564FE5CE}.Release|iPhone.Build.0 = Release|Any CPU
		{E6844E25-B924-44FF-B283-F820564FE5CE}.Release|iPhone.Deploy.0 = Release|Any CPU
		{E6844E25-B924-44FF-B283-F820564FE5CE}.Release|iPhoneSimulator.ActiveCfg = Release|Any CPU
		{E6844E25-B924-44FF-B283-F820564FE5CE}.Release|iPhoneSimulator.Build.0 = Release|Any CPU
		{E6844E25-B924-44FF-B283-F820564FE5CE}.Release|iPhoneSimulator.Deploy.0 = Release|Any CPU
		{E6844E25-B924-44FF-B283-F820564FE5CE}.Release|x64.ActiveCfg = Release|Any CPU
		{E6844E25-B924-44FF-B283-F820564FE5CE}.Release|x64.Build.0 = Release|Any CPU
		{E6844E25-B924-44FF-B283-F820564FE5CE}.Release|x64.Deploy.0 = Release|Any CPU
		{E6844E25-B924-44FF-B283-F820564FE5CE}.Release|x86.ActiveCfg = Release|Any CPU
		{E6844E25-B924-44FF-B283-F820564FE5CE}.Release|x86.Build.0 = Release|Any CPU
		{E6844E25-B924-44FF-B283-F820564FE5CE}.Release|x86.Deploy.0 = Release|Any CPU
		{3E3C491F-D194-44B0-ABB8-BF9AF672EDAC}.Debug|Any CPU.ActiveCfg = Debug|iPhoneSimulator
		{3E3C491F-D194-44B0-ABB8-BF9AF672EDAC}.Debug|Any CPU.Build.0 = Debug|iPhoneSimulator
		{3E3C491F-D194-44B0-ABB8-BF9AF672EDAC}.Debug|Any CPU.Deploy.0 = Debug|iPhoneSimulator
		{3E3C491F-D194-44B0-ABB8-BF9AF672EDAC}.Debug|ARM.ActiveCfg = Debug|iPhoneSimulator
		{3E3C491F-D194-44B0-ABB8-BF9AF672EDAC}.Debug|ARM.Build.0 = Debug|iPhoneSimulator
		{3E3C491F-D194-44B0-ABB8-BF9AF672EDAC}.Debug|ARM.Deploy.0 = Debug|iPhoneSimulator
		{3E3C491F-D194-44B0-ABB8-BF9AF672EDAC}.Debug|iPhone.ActiveCfg = Debug|iPhone
		{3E3C491F-D194-44B0-ABB8-BF9AF672EDAC}.Debug|iPhone.Build.0 = Debug|iPhone
		{3E3C491F-D194-44B0-ABB8-BF9AF672EDAC}.Debug|iPhone.Deploy.0 = Debug|iPhone
		{3E3C491F-D194-44B0-ABB8-BF9AF672EDAC}.Debug|iPhoneSimulator.ActiveCfg = Debug|iPhoneSimulator
		{3E3C491F-D194-44B0-ABB8-BF9AF672EDAC}.Debug|iPhoneSimulator.Build.0 = Debug|iPhoneSimulator
		{3E3C491F-D194-44B0-ABB8-BF9AF672EDAC}.Debug|iPhoneSimulator.Deploy.0 = Debug|iPhoneSimulator
		{3E3C491F-D194-44B0-ABB8-BF9AF672EDAC}.Debug|x64.ActiveCfg = Debug|iPhone
		{3E3C491F-D194-44B0-ABB8-BF9AF672EDAC}.Debug|x64.Build.0 = Debug|iPhone
		{3E3C491F-D194-44B0-ABB8-BF9AF672EDAC}.Debug|x64.Deploy.0 = Debug|iPhone
		{3E3C491F-D194-44B0-ABB8-BF9AF672EDAC}.Debug|x86.ActiveCfg = Debug|iPhoneSimulator
		{3E3C491F-D194-44B0-ABB8-BF9AF672EDAC}.Debug|x86.Build.0 = Debug|iPhoneSimulator
		{3E3C491F-D194-44B0-ABB8-BF9AF672EDAC}.Debug|x86.Deploy.0 = Debug|iPhoneSimulator
		{3E3C491F-D194-44B0-ABB8-BF9AF672EDAC}.Release|Any CPU.ActiveCfg = Release|iPhoneSimulator
		{3E3C491F-D194-44B0-ABB8-BF9AF672EDAC}.Release|Any CPU.Build.0 = Release|iPhoneSimulator
		{3E3C491F-D194-44B0-ABB8-BF9AF672EDAC}.Release|Any CPU.Deploy.0 = Release|iPhoneSimulator
		{3E3C491F-D194-44B0-ABB8-BF9AF672EDAC}.Release|ARM.ActiveCfg = Release|iPhoneSimulator
		{3E3C491F-D194-44B0-ABB8-BF9AF672EDAC}.Release|ARM.Build.0 = Release|iPhoneSimulator
		{3E3C491F-D194-44B0-ABB8-BF9AF672EDAC}.Release|ARM.Deploy.0 = Release|iPhoneSimulator
		{3E3C491F-D194-44B0-ABB8-BF9AF672EDAC}.Release|iPhone.ActiveCfg = Release|iPhone
		{3E3C491F-D194-44B0-ABB8-BF9AF672EDAC}.Release|iPhone.Build.0 = Release|iPhone
		{3E3C491F-D194-44B0-ABB8-BF9AF672EDAC}.Release|iPhone.Deploy.0 = Release|iPhone
		{3E3C491F-D194-44B0-ABB8-BF9AF672EDAC}.Release|iPhoneSimulator.ActiveCfg = Release|iPhoneSimulator
		{3E3C491F-D194-44B0-ABB8-BF9AF672EDAC}.Release|iPhoneSimulator.Build.0 = Release|iPhoneSimulator
		{3E3C491F-D194-44B0-ABB8-BF9AF672EDAC}.Release|iPhoneSimulator.Deploy.0 = Release|iPhoneSimulator
		{3E3C491F-D194-44B0-ABB8-BF9AF672EDAC}.Release|x64.ActiveCfg = Release|iPhoneSimulator
		{3E3C491F-D194-44B0-ABB8-BF9AF672EDAC}.Release|x64.Build.0 = Release|iPhoneSimulator
		{3E3C491F-D194-44B0-ABB8-BF9AF672EDAC}.Release|x64.Deploy.0 = Release|iPhoneSimulator
		{3E3C491F-D194-44B0-ABB8-BF9AF672EDAC}.Release|x86.ActiveCfg = Release|iPhoneSimulator
		{3E3C491F-D194-44B0-ABB8-BF9AF672EDAC}.Release|x86.Build.0 = Release|iPhoneSimulator
		{3E3C491F-D194-44B0-ABB8-BF9AF672EDAC}.Release|x86.Deploy.0 = Release|iPhoneSimulator
		{B275F027-F749-4665-AC1B-40F1F5278564}.Debug|Any CPU.ActiveCfg = Debug|Any CPU
		{B275F027-F749-4665-AC1B-40F1F5278564}.Debug|Any CPU.Build.0 = Debug|Any CPU
		{B275F027-F749-4665-AC1B-40F1F5278564}.Debug|Any CPU.Deploy.0 = Debug|Any CPU
		{B275F027-F749-4665-AC1B-40F1F5278564}.Debug|ARM.ActiveCfg = Debug|Any CPU
		{B275F027-F749-4665-AC1B-40F1F5278564}.Debug|ARM.Build.0 = Debug|Any CPU
		{B275F027-F749-4665-AC1B-40F1F5278564}.Debug|ARM.Deploy.0 = Debug|Any CPU
		{B275F027-F749-4665-AC1B-40F1F5278564}.Debug|iPhone.ActiveCfg = Debug|Any CPU
		{B275F027-F749-4665-AC1B-40F1F5278564}.Debug|iPhone.Build.0 = Debug|Any CPU
		{B275F027-F749-4665-AC1B-40F1F5278564}.Debug|iPhone.Deploy.0 = Debug|Any CPU
		{B275F027-F749-4665-AC1B-40F1F5278564}.Debug|iPhoneSimulator.ActiveCfg = Debug|Any CPU
		{B275F027-F749-4665-AC1B-40F1F5278564}.Debug|iPhoneSimulator.Build.0 = Debug|Any CPU
		{B275F027-F749-4665-AC1B-40F1F5278564}.Debug|iPhoneSimulator.Deploy.0 = Debug|Any CPU
		{B275F027-F749-4665-AC1B-40F1F5278564}.Debug|x64.ActiveCfg = Debug|Any CPU
		{B275F027-F749-4665-AC1B-40F1F5278564}.Debug|x64.Build.0 = Debug|Any CPU
		{B275F027-F749-4665-AC1B-40F1F5278564}.Debug|x64.Deploy.0 = Debug|Any CPU
		{B275F027-F749-4665-AC1B-40F1F5278564}.Debug|x86.ActiveCfg = Debug|Any CPU
		{B275F027-F749-4665-AC1B-40F1F5278564}.Debug|x86.Build.0 = Debug|Any CPU
		{B275F027-F749-4665-AC1B-40F1F5278564}.Debug|x86.Deploy.0 = Debug|Any CPU
		{B275F027-F749-4665-AC1B-40F1F5278564}.Release|Any CPU.ActiveCfg = Release|Any CPU
		{B275F027-F749-4665-AC1B-40F1F5278564}.Release|Any CPU.Build.0 = Release|Any CPU
		{B275F027-F749-4665-AC1B-40F1F5278564}.Release|Any CPU.Deploy.0 = Release|Any CPU
		{B275F027-F749-4665-AC1B-40F1F5278564}.Release|ARM.ActiveCfg = Release|Any CPU
		{B275F027-F749-4665-AC1B-40F1F5278564}.Release|ARM.Build.0 = Release|Any CPU
		{B275F027-F749-4665-AC1B-40F1F5278564}.Release|ARM.Deploy.0 = Release|Any CPU
		{B275F027-F749-4665-AC1B-40F1F5278564}.Release|iPhone.ActiveCfg = Release|Any CPU
		{B275F027-F749-4665-AC1B-40F1F5278564}.Release|iPhone.Build.0 = Release|Any CPU
		{B275F027-F749-4665-AC1B-40F1F5278564}.Release|iPhone.Deploy.0 = Release|Any CPU
		{B275F027-F749-4665-AC1B-40F1F5278564}.Release|iPhoneSimulator.ActiveCfg = Release|Any CPU
		{B275F027-F749-4665-AC1B-40F1F5278564}.Release|iPhoneSimulator.Build.0 = Release|Any CPU
		{B275F027-F749-4665-AC1B-40F1F5278564}.Release|iPhoneSimulator.Deploy.0 = Release|Any CPU
		{B275F027-F749-4665-AC1B-40F1F5278564}.Release|x64.ActiveCfg = Release|Any CPU
		{B275F027-F749-4665-AC1B-40F1F5278564}.Release|x64.Build.0 = Release|Any CPU
		{B275F027-F749-4665-AC1B-40F1F5278564}.Release|x64.Deploy.0 = Release|Any CPU
		{B275F027-F749-4665-AC1B-40F1F5278564}.Release|x86.ActiveCfg = Release|Any CPU
		{B275F027-F749-4665-AC1B-40F1F5278564}.Release|x86.Build.0 = Release|Any CPU
		{B275F027-F749-4665-AC1B-40F1F5278564}.Release|x86.Deploy.0 = Release|Any CPU
	EndGlobalSection
	GlobalSection(SolutionProperties) = preSolution
		HideSolutionNode = FALSE
	EndGlobalSection
	GlobalSection(ExtensibilityGlobals) = postSolution
		SolutionGuid = {0BE1C689-6F18-4259-B5A3-CC17FDABC7EC}
	EndGlobalSection
EndGlobal
